// !$*UTF8*$!
{
	archiveVersion = 1;
	classes = {
	};
	objectVersion = 46;
	objects = {

/* Begin PBXBuildFile section */
		8F25BE121C51BE1F001B874F /* AppDelegate.swift in Sources */ = {isa = PBXBuildFile; fileRef = 8F25BE111C51BE1F001B874F /* AppDelegate.swift */; };
		8F25BE141C51BE1F001B874F /* ViewController.swift in Sources */ = {isa = PBXBuildFile; fileRef = 8F25BE131C51BE1F001B874F /* ViewController.swift */; };
		8F25BE171C51BE1F001B874F /* Main.storyboard in Resources */ = {isa = PBXBuildFile; fileRef = 8F25BE151C51BE1F001B874F /* Main.storyboard */; };
		8F25BE191C51BE1F001B874F /* Assets.xcassets in Resources */ = {isa = PBXBuildFile; fileRef = 8F25BE181C51BE1F001B874F /* Assets.xcassets */; };
		8F25BE1C1C51BE1F001B874F /* LaunchScreen.storyboard in Resources */ = {isa = PBXBuildFile; fileRef = 8F25BE1A1C51BE1F001B874F /* LaunchScreen.storyboard */; };
/* End PBXBuildFile section */

/* Begin PBXFileReference section */
		8F25BE0E1C51BE1F001B874F /* tip calucaltor.app */ = {isa = PBXFileReference; explicitFileType = wrapper.application; includeInIndex = 0; path = "tip calucaltor.app"; sourceTree = BUILT_PRODUCTS_DIR; };
		8F25BE111C51BE1F001B874F /* AppDelegate.swift */ = {isa = PBXFileReference; lastKnownFileType = sourcecode.swift; path = AppDelegate.swift; sourceTree = "<group>"; };
		8F25BE131C51BE1F001B874F /* ViewController.swift */ = {isa = PBXFileReference; lastKnownFileType = sourcecode.swift; path = ViewController.swift; sourceTree = "<group>"; };
		8F25BE161C51BE1F001B874F /* Base */ = {isa = PBXFileReference; lastKnownFileType = file.storyboard; name = Base; path = Base.lproj/Main.storyboard; sourceTree = "<group>"; };
		8F25BE181C51BE1F001B874F /* Assets.xcassets */ = {isa = PBXFileReference; lastKnownFileType = folder.assetcatalog; path = Assets.xcassets; sourceTree = "<group>"; };
		8F25BE1B1C51BE1F001B874F /* Base */ = {isa = PBXFileReference; lastKnownFileType = file.storyboard; name = Base; path = Base.lproj/LaunchScreen.storyboard; sourceTree = "<group>"; };
		8F25BE1D1C51BE1F001B874F /* Info.plist */ = {isa = PBXFileReference; lastKnownFileType = text.plist.xml; path = Info.plist; sourceTree = "<group>"; };
/* End PBXFileReference section */

/* Begin PBXFrameworksBuildPhase section */
		8F25BE0B1C51BE1F001B874F /* Frameworks */ = {
			isa = PBXFrameworksBuildPhase;
			buildActionMask = 2147483647;
			files = (
			);
			runOnlyForDeploymentPostprocessing = 0;
		};
/* End PBXFrameworksBuildPhase section */

/* Begin PBXGroup section */
		8F25BE051C51BE1F001B874F = {
			isa = PBXGroup;
			children = (
				8F25BE101C51BE1F001B874F /* tip calucaltor */,
				8F25BE0F1C51BE1F001B874F /* Products */,
			);
			sourceTree = "<group>";
		};
		8F25BE0F1C51BE1F001B874F /* Products */ = {
			isa = PBXGroup;
			children = (
				8F25BE0E1C51BE1F001B874F /* tip calucaltor.app */,
			);
			name = Products;
			sourceTree = "<group>";
		};
		8F25BE101C51BE1F001B874F /* tip calucaltor */ = {
			isa = PBXGroup;
			children = (
				8F25BE111C51BE1F001B874F /* AppDelegate.swift */,
				8F25BE131C51BE1F001B874F /* ViewController.swift */,
				8F25BE151C51BE1F001B874F /* Main.storyboard */,
				8F25BE181C51BE1F001B874F /* Assets.xcassets */,
				8F25BE1A1C51BE1F001B874F /* LaunchScreen.storyboard */,
				8F25BE1D1C51BE1F001B874F /* Info.plist */,
			);
			path = "tip calucaltor";
			sourceTree = "<group>";
		};
/* End PBXGroup section */

/* Begin PBXNativeTarget section */
		8F25BE0D1C51BE1F001B874F /* tip calucaltor */ = {
			isa = PBXNativeTarget;
			buildConfigurationList = 8F25BE201C51BE1F001B874F /* Build configuration list for PBXNativeTarget "tip calucaltor" */;
			buildPhases = (
				8F25BE0A1C51BE1F001B874F /* Sources */,
				8F25BE0B1C51BE1F001B874F /* Frameworks */,
				8F25BE0C1C51BE1F001B874F /* Resources */,
			);
			buildRules = (
			);
			dependencies = (
			);
			name = "tip calucaltor";
			productName = "tip calucaltor";
			productReference = 8F25BE0E1C51BE1F001B874F /* tip calucaltor.app */;
			productType = "com.apple.product-type.application";
		};
/* End PBXNativeTarget section */

/* Begin PBXProject section */
		8F25BE061C51BE1F001B874F /* Project object */ = {
			isa = PBXProject;
			attributes = {
				LastSwiftUpdateCheck = 0720;
				LastUpgradeCheck = 0720;
				ORGANIZATIONNAME = "Jisi Guo";
				TargetAttributes = {
					8F25BE0D1C51BE1F001B874F = {
						CreatedOnToolsVersion = 7.2;
					};
				};
			};
			buildConfigurationList = 8F25BE091C51BE1F001B874F /* Build configuration list for PBXProject "tip calucaltor" */;
			compatibilityVersion = "Xcode 3.2";
			developmentRegion = English;
			hasScannedForEncodings = 0;
			knownRegions = (
				en,
				Base,
			);
			mainGroup = 8F25BE051C51BE1F001B874F;
			productRefGroup = 8F25BE0F1C51BE1F001B874F /* Products */;
			projectDirPath = "";
			projectRoot = "";
			targets = (
				8F25BE0D1C51BE1F001B874F /* tip calucaltor */,
			);
		};
/* End PBXProject section */

/* Begin PBXResourcesBuildPhase section */
		8F25BE0C1C51BE1F001B874F /* Resources */ = {
			isa = PBXResourcesBuildPhase;
			buildActionMask = 2147483647;
			files = (
				8F25BE1C1C51BE1F001B874F /* LaunchScreen.storyboard in Resources */,
				8F25BE191C51BE1F001B874F /* Assets.xcassets in Resources */,
				8F25BE171C51BE1F001B874F /* Main.storyboard in Resources */,
			);
			runOnlyForDeploymentPostprocessing = 0;
		};
/* End PBXResourcesBuildPhase section */

/* Begin PBXSourcesBuildPhase section */
		8F25BE0A1C51BE1F001B874F /* Sources */ = {
			isa = PBXSourcesBuildPhase;
			buildActionMask = 2147483647;
			files = (
				8F25BE141C51BE1F001B874F /* ViewController.swift in Sources */,
				8F25BE121C51BE1F001B874F /* AppDelegate.swift in Sources */,
			);
			runOnlyForDeploymentPostprocessing = 0;
		};
/* End PBXSourcesBuildPhase section */

/* Begin PBXVariantGroup section */
		8F25BE151C51BE1F001B874F /* Main.storyboard */ = {
			isa = PBXVariantGroup;
			children = (
				8F25BE161C51BE1F001B874F /* Base */,
			);
			name = Main.storyboard;
			sourceTree = "<group>";
		};
		8F25BE1A1C51BE1F001B874F /* LaunchScreen.storyboard */ = {
			isa = PBXVariantGroup;
			children = (
				8F25BE1B1C51BE1F001B874F /* Base */,
			);
			name = LaunchScreen.storyboard;
			sourceTree = "<group>";
		};
/* End PBXVariantGroup section */

/* Begin XCBuildConfiguration section */
		8F25BE1E1C51BE1F001B874F /* Debug */ = {
			isa = XCBuildConfiguration;
			buildSettings = {
				ALWAYS_SEARCH_USER_PATHS = NO;
				CLANG_CXX_LANGUAGE_STANDARD = "gnu++0x";
				CLANG_CXX_LIBRARY = "libc++";
				CLANG_ENABLE_MODULES = YES;
				CLANG_ENABLE_OBJC_ARC = YES;
				CLANG_WARN_BOOL_CONVERSION = YES;
				CLANG_WARN_CONSTANT_CONVERSION = YES;
				CLANG_WARN_DIRECT_OBJC_ISA_USAGE = YES_ERROR;
				CLANG_WARN_EMPTY_BODY = YES;
				CLANG_WARN_ENUM_CONVERSION = YES;
				CLANG_WARN_INT_CONVERSION = YES;
				CLANG_WARN_OBJC_ROOT_CLASS = YES_ERROR;
				CLANG_WARN_UNREACHABLE_CODE = YES;
				CLANG_WARN__DUPLICATE_METHOD_MATCH = YES;
				"CODE_SIGN_IDENTITY[sdk=iphoneos*]" = "iPhone Developer";
				COPY_PHASE_STRIP = NO;
				DEBUG_INFORMATION_FORMAT = dwarf;
				ENABLE_STRICT_OBJC_MSGSEND = YES;
				ENABLE_TESTABILITY = YES;
				GCC_C_LANGUAGE_STANDARD = gnu99;
				GCC_DYNAMIC_NO_PIC = NO;
				GCC_NO_COMMON_BLOCKS = YES;
				GCC_OPTIMIZATION_LEVEL = 0;
				GCC_PREPROCESSOR_DEFINITIONS = (
					"DEBUG=1",
					"$(inherited)",
				);
				GCC_WARN_64_TO_32_BIT_CONVERSION = YES;
				GCC_WARN_ABOUT_RETURN_TYPE = YES_ERROR;
				GCC_WARN_UNDECLARED_SELECTOR = YES;
				GCC_WARN_UNINITIALIZED_AUTOS = YES_AGGRESSIVE;
				GCC_WARN_UNUSED_FUNCTION = YES;
				GCC_WARN_UNUSED_VARIABLE = YES;
				IPHONEOS_DEPLOYMENT_TARGET = 9.2;
				MTL_ENABLE_DEBUG_INFO = YES;
				ONLY_ACTIVE_ARCH = YES;
				SDKROOT = iphoneos;
				SWIFT_OPTIMIZATION_LEVEL = "-Onone";
			};
			name = Debug;
		};
		8F25BE1F1C51BE1F001B874F /* Release */ = {
			isa = XCBuildConfiguration;
			buildSettings = {
				ALWAYS_SEARCH_USER_PATHS = NO;
				CLANG_CXX_LANGUAGE_STANDARD = "gnu++0x";
				CLANG_CXX_LIBRARY = "libc++";
				CLANG_ENABLE_MODULES = YES;
				CLANG_ENABLE_OBJC_ARC = YES;
				CLANG_WARN_BOOL_CONVERSION = YES;
				CLANG_WARN_CONSTANT_CONVERSION = YES;
				CLANG_WARN_DIRECT_OBJC_ISA_USAGE = YES_ERROR;
				CLANG_WARN_EMPTY_BODY = YES;
				CLANG_WARN_ENUM_CONVERSION = YES;
				CLANG_WARN_INT_CONVERSION = YES;
				CLANG_WARN_OBJC_ROOT_CLASS = YES_ERROR;
				CLANG_WARN_UNREACHABLE_CODE = YES;
				CLANG_WARN__DUPLICATE_METHOD_MATCH = YES;
				"CODE_SIGN_IDENTITY[sdk=iphoneos*]" = "iPhone Developer";
				COPY_PHASE_STRIP = NO;
				DEBUG_INFORMATION_FORMAT = "dwarf-with-dsym";
				ENABLE_NS_ASSERTIONS = NO;
				ENABLE_STRICT_OBJC_MSGSEND = YES;
				GCC_C_LANGUAGE_STANDARD = gnu99;
				GCC_NO_COMMON_BLOCKS = YES;
				GCC_WARN_64_TO_32_BIT_CONVERSION = YES;
				GCC_WARN_ABOUT_RETURN_TYPE = YES_ERROR;
				GCC_WARN_UNDECLARED_SELECTOR = YES;
				GCC_WARN_UNINITIALIZED_AUTOS = YES_AGGRESSIVE;
				GCC_WARN_UNUSED_FUNCTION = YES;
				GCC_WARN_UNUSED_VARIABLE = YES;
				IPHONEOS_DEPLOYMENT_TARGET = 9.2;
				MTL_ENABLE_DEBUG_INFO = NO;
				SDKROOT = iphoneos;
				VALIDATE_PRODUCT = YES;
			};
			name = Release;
		};
		8F25BE211C51BE1F001B874F /* Debug */ = {
			isa = XCBuildConfiguration;
			buildSettings = {
				ASSETCATALOG_COMPILER_APPICON_NAME = AppIcon;
				INFOPLIST_FILE = "tip calucaltor/Info.plist";
				LD_RUNPATH_SEARCH_PATHS = "$(inherited) @executable_path/Frameworks";
				PRODUCT_BUNDLE_IDENTIFIER = "jisi.tip-calucaltor";
				PRODUCT_NAME = "$(TARGET_NAME)";
			};
			name = Debug;
		};
		8F25BE221C51BE1F001B874F /* Release */ = {
			isa = XCBuildConfiguration;
			buildSettings = {
				ASSETCATALOG_COMPILER_APPICON_NAME = AppIcon;
				INFOPLIST_FILE = "tip calucaltor/Info.plist";
				LD_RUNPATH_SEARCH_PATHS = "$(inherited) @executable_path/Frameworks";
				PRODUCT_BUNDLE_IDENTIFIER = "jisi.tip-calucaltor";
				PRODUCT_NAME = "$(TARGET_NAME)";
			};
			name = Release;
		};
/* End XCBuildConfiguration section */

/* Begin XCConfigurationList section */
		8F25BE091C51BE1F001B874F /* Build configuration list for PBXProject "tip calucaltor" */ = {
			isa = XCConfigurationList;
			buildConfigurations = (
				8F25BE1E1C51BE1F001B874F /* Debug */,
				8F25BE1F1C51BE1F001B874F /* Release */,
			);
			defaultConfigurationIsVisible = 0;
			defaultConfigurationName = Release;
		};
		8F25BE201C51BE1F001B874F /* Build configuration list for PBXNativeTarget "tip calucaltor" */ = {
			isa = XCConfigurationList;
			buildConfigurations = (
				8F25BE211C51BE1F001B874F /* Debug */,
				8F25BE221C51BE1F001B874F /* Release */,
			);
			defaultConfigurationIsVisible = 0;
		};
/* End XCConfigurationList section */
	};
	rootObject = 8F25BE061C51BE1F001B874F /* Project object */;
}
